
Microsoft Visual Studio Solution File, Format Version 12.00
# Visual Studio Version 17
VisualStudioVersion = 17.11.35312.102
MinimumVisualStudioVersion = 10.0.40219.1
Project("{FAE04EC0-301F-11D3-BF4B-00C04F79EFBC}") = "rockZenekarokGUI", "rockZenekarokGUI\rockZenekarokGUI.csproj", "{3633BEA1-F052-4AAA-A6B9-A0469CA71A27}"
EndProject
Global
	GlobalSection(SolutionConfigurationPlatforms) = preSolution
		Debug|Any CPU = Debug|Any CPU
		Release|Any CPU = Release|Any CPU
	EndGlobalSection
	GlobalSection(ProjectConfigurationPlatforms) = postSolution
		{3633BEA1-F052-4AAA-A6B9-A0469CA71A27}.Debug|Any CPU.ActiveCfg = Debug|Any CPU
		{3633BEA1-F052-4AAA-A6B9-A0469CA71A27}.Debug|Any CPU.Build.0 = Debug|Any CPU
		{3633BEA1-F052-4AAA-A6B9-A0469CA71A27}.Release|Any CPU.ActiveCfg = Release|Any CPU
		{3633BEA1-F052-4AAA-A6B9-A0469CA71A27}.Release|Any CPU.Build.0 = Release|Any CPU
	EndGlobalSection
	GlobalSection(SolutionProperties) = preSolution
		HideSolutionNode = FALSE
	EndGlobalSection
	GlobalSection(ExtensibilityGlobals) = postSolution
		SolutionGuid = {A2301B3F-8C25-4999-A376-41D544BD590F}
	EndGlobalSection
EndGlobal
